// !$*UTF8*$!
{
	archiveVersion = 1;
	classes = {
	};
	objectVersion = 56;
	objects = {

/* Begin PBXBuildFile section */
		12F4E33B2B775F93004D6ECA /* PinterestCloneApp.swift in Sources */ = {isa = PBXBuildFile; fileRef = 12F4E33A2B775F93004D6ECA /* PinterestCloneApp.swift */; };
		12F4E33D2B775F93004D6ECA /* ContentView.swift in Sources */ = {isa = PBXBuildFile; fileRef = 12F4E33C2B775F93004D6ECA /* ContentView.swift */; };
		12F4E33F2B775F94004D6ECA /* Assets.xcassets in Resources */ = {isa = PBXBuildFile; fileRef = 12F4E33E2B775F94004D6ECA /* Assets.xcassets */; };
		12F4E3422B775F94004D6ECA /* Preview Assets.xcassets in Resources */ = {isa = PBXBuildFile; fileRef = 12F4E3412B775F94004D6ECA /* Preview Assets.xcassets */; };
		12F4E34A2B775FC9004D6ECA /* PagerTabStripView in Frameworks */ = {isa = PBXBuildFile; productRef = 12F4E3492B775FC9004D6ECA /* PagerTabStripView */; };
		12F4E34F2B77600E004D6ECA /* MySecondView.swift in Sources */ = {isa = PBXBuildFile; fileRef = 12F4E34E2B77600E004D6ECA /* MySecondView.swift */; };
		12F4E3512B776D10004D6ECA /* AllView.swift in Sources */ = {isa = PBXBuildFile; fileRef = 12F4E3502B776D10004D6ECA /* AllView.swift */; };
		12F4E3542B777087004D6ECA /* MasonryStack in Frameworks */ = {isa = PBXBuildFile; productRef = 12F4E3532B777087004D6ECA /* MasonryStack */; };
/* End PBXBuildFile section */

/* Begin PBXFileReference section */
		12F4E3372B775F93004D6ECA /* PinterestClone.app */ = {isa = PBXFileReference; explicitFileType = wrapper.application; includeInIndex = 0; path = PinterestClone.app; sourceTree = BUILT_PRODUCTS_DIR; };
		12F4E33A2B775F93004D6ECA /* PinterestCloneApp.swift */ = {isa = PBXFileReference; lastKnownFileType = sourcecode.swift; path = PinterestCloneApp.swift; sourceTree = "<group>"; };
		12F4E33C2B775F93004D6ECA /* ContentView.swift */ = {isa = PBXFileReference; lastKnownFileType = sourcecode.swift; path = ContentView.swift; sourceTree = "<group>"; };
		12F4E33E2B775F94004D6ECA /* Assets.xcassets */ = {isa = PBXFileReference; lastKnownFileType = folder.assetcatalog; path = Assets.xcassets; sourceTree = "<group>"; };
		12F4E3412B775F94004D6ECA /* Preview Assets.xcassets */ = {isa = PBXFileReference; lastKnownFileType = folder.assetcatalog; path = "Preview Assets.xcassets"; sourceTree = "<group>"; };
		12F4E34E2B77600E004D6ECA /* MySecondView.swift */ = {isa = PBXFileReference; lastKnownFileType = sourcecode.swift; path = MySecondView.swift; sourceTree = "<group>"; };
		12F4E3502B776D10004D6ECA /* AllView.swift */ = {isa = PBXFileReference; lastKnownFileType = sourcecode.swift; path = AllView.swift; sourceTree = "<group>"; };
/* End PBXFileReference section */

/* Begin PBXFrameworksBuildPhase section */
		12F4E3342B775F93004D6ECA /* Frameworks */ = {
			isa = PBXFrameworksBuildPhase;
			buildActionMask = 2147483647;
			files = (
				12F4E34A2B775FC9004D6ECA /* PagerTabStripView in Frameworks */,
				12F4E3542B777087004D6ECA /* MasonryStack in Frameworks */,
			);
			runOnlyForDeploymentPostprocessing = 0;
		};
/* End PBXFrameworksBuildPhase section */

/* Begin PBXGroup section */
		12F4E32E2B775F93004D6ECA = {
			isa = PBXGroup;
			children = (
				12F4E3392B775F93004D6ECA /* PinterestClone */,
				12F4E3382B775F93004D6ECA /* Products */,
			);
			sourceTree = "<group>";
		};
		12F4E3382B775F93004D6ECA /* Products */ = {
			isa = PBXGroup;
			children = (
				12F4E3372B775F93004D6ECA /* PinterestClone.app */,
			);
			name = Products;
			sourceTree = "<group>";
		};
		12F4E3392B775F93004D6ECA /* PinterestClone */ = {
			isa = PBXGroup;
			children = (
				12F4E34B2B775FEA004D6ECA /* Views */,
				12F4E33A2B775F93004D6ECA /* PinterestCloneApp.swift */,
				12F4E33C2B775F93004D6ECA /* ContentView.swift */,
				12F4E33E2B775F94004D6ECA /* Assets.xcassets */,
				12F4E3402B775F94004D6ECA /* Preview Content */,
			);
			path = PinterestClone;
			sourceTree = "<group>";
		};
		12F4E3402B775F94004D6ECA /* Preview Content */ = {
			isa = PBXGroup;
			children = (
				12F4E3412B775F94004D6ECA /* Preview Assets.xcassets */,
			);
			path = "Preview Content";
			sourceTree = "<group>";
		};
		12F4E34B2B775FEA004D6ECA /* Views */ = {
			isa = PBXGroup;
			children = (
				12F4E34E2B77600E004D6ECA /* MySecondView.swift */,
				12F4E3502B776D10004D6ECA /* AllView.swift */,
			);
			path = Views;
			sourceTree = "<group>";
		};
/* End PBXGroup section */

/* Begin PBXNativeTarget section */
		12F4E3362B775F93004D6ECA /* PinterestClone */ = {
			isa = PBXNativeTarget;
			buildConfigurationList = 12F4E3452B775F94004D6ECA /* Build configuration list for PBXNativeTarget "PinterestClone" */;
			buildPhases = (
				12F4E3332B775F93004D6ECA /* Sources */,
				12F4E3342B775F93004D6ECA /* Frameworks */,
				12F4E3352B775F93004D6ECA /* Resources */,
			);
			buildRules = (
			);
			dependencies = (
			);
			name = PinterestClone;
			packageProductDependencies = (
				12F4E3492B775FC9004D6ECA /* PagerTabStripView */,
				12F4E3532B777087004D6ECA /* MasonryStack */,
			);
			productName = PinterestClone;
			productReference = 12F4E3372B775F93004D6ECA /* PinterestClone.app */;
			productType = "com.apple.product-type.application";
		};
/* End PBXNativeTarget section */

/* Begin PBXProject section */
		12F4E32F2B775F93004D6ECA /* Project object */ = {
			isa = PBXProject;
			attributes = {
				BuildIndependentTargetsInParallel = 1;
				LastSwiftUpdateCheck = 1520;
				LastUpgradeCheck = 1520;
				TargetAttributes = {
					12F4E3362B775F93004D6ECA = {
						CreatedOnToolsVersion = 15.2;
					};
				};
			};
			buildConfigurationList = 12F4E3322B775F93004D6ECA /* Build configuration list for PBXProject "PinterestClone" */;
			compatibilityVersion = "Xcode 14.0";
			developmentRegion = en;
			hasScannedForEncodings = 0;
			knownRegions = (
				en,
				Base,
			);
			mainGroup = 12F4E32E2B775F93004D6ECA;
			packageReferences = (
				12F4E3482B775FC9004D6ECA /* XCRemoteSwiftPackageReference "PagerTabStripView" */,
				12F4E3522B777087004D6ECA /* XCRemoteSwiftPackageReference "MasonryStack" */,
			);
			productRefGroup = 12F4E3382B775F93004D6ECA /* Products */;
			projectDirPath = "";
			projectRoot = "";
			targets = (
				12F4E3362B775F93004D6ECA /* PinterestClone */,
			);
		};
/* End PBXProject section */

/* Begin PBXResourcesBuildPhase section */
		12F4E3352B775F93004D6ECA /* Resources */ = {
			isa = PBXResourcesBuildPhase;
			buildActionMask = 2147483647;
			files = (
				12F4E3422B775F94004D6ECA /* Preview Assets.xcassets in Resources */,
				12F4E33F2B775F94004D6ECA /* Assets.xcassets in Resources */,
			);
			runOnlyForDeploymentPostprocessing = 0;
		};
/* End PBXResourcesBuildPhase section */

/* Begin PBXSourcesBuildPhase section */
		12F4E3332B775F93004D6ECA /* Sources */ = {
			isa = PBXSourcesBuildPhase;
			buildActionMask = 2147483647;
			files = (
				12F4E33D2B775F93004D6ECA /* ContentView.swift in Sources */,
				12F4E3512B776D10004D6ECA /* AllView.swift in Sources */,
				12F4E34F2B77600E004D6ECA /* MySecondView.swift in Sources */,
				12F4E33B2B775F93004D6ECA /* PinterestCloneApp.swift in Sources */,
			);
			runOnlyForDeploymentPostprocessing = 0;
		};
/* End PBXSourcesBuildPhase section */

/* Begin XCBuildConfiguration section */
		12F4E3432B775F94004D6ECA /* Debug */ = {
			isa = XCBuildConfiguration;
			buildSettings = {
				ALWAYS_SEARCH_USER_PATHS = NO;
				ASSETCATALOG_COMPILER_GENERATE_SWIFT_ASSET_SYMBOL_EXTENSIONS = YES;
				CLANG_ANALYZER_NONNULL = YES;
				CLANG_ANALYZER_NUMBER_OBJECT_CONVERSION = YES_AGGRESSIVE;
				CLANG_CXX_LANGUAGE_STANDARD = "gnu++20";
				CLANG_ENABLE_MODULES = YES;
				CLANG_ENABLE_OBJC_ARC = YES;
				CLANG_ENABLE_OBJC_WEAK = YES;
				CLANG_WARN_BLOCK_CAPTURE_AUTORELEASING = YES;
				CLANG_WARN_BOOL_CONVERSION = YES;
				CLANG_WARN_COMMA = YES;
				CLANG_WARN_CONSTANT_CONVERSION = YES;
				CLANG_WARN_DEPRECATED_OBJC_IMPLEMENTATIONS = YES;
				CLANG_WARN_DIRECT_OBJC_ISA_USAGE = YES_ERROR;
				CLANG_WARN_DOCUMENTATION_COMMENTS = YES;
				CLANG_WARN_EMPTY_BODY = YES;
				CLANG_WARN_ENUM_CONVERSION = YES;
				CLANG_WARN_INFINITE_RECURSION = YES;
				CLANG_WARN_INT_CONVERSION = YES;
				CLANG_WARN_NON_LITERAL_NULL_CONVERSION = YES;
				CLANG_WARN_OBJC_IMPLICIT_RETAIN_SELF = YES;
				CLANG_WARN_OBJC_LITERAL_CONVERSION = YES;
				CLANG_WARN_OBJC_ROOT_CLASS = YES_ERROR;
				CLANG_WARN_QUOTED_INCLUDE_IN_FRAMEWORK_HEADER = YES;
				CLANG_WARN_RANGE_LOOP_ANALYSIS = YES;
				CLANG_WARN_STRICT_PROTOTYPES = YES;
				CLANG_WARN_SUSPICIOUS_MOVE = YES;
				CLANG_WARN_UNGUARDED_AVAILABILITY = YES_AGGRESSIVE;
				CLANG_WARN_UNREACHABLE_CODE = YES;
				CLANG_WARN__DUPLICATE_METHOD_MATCH = YES;
				COPY_PHASE_STRIP = NO;
				DEBUG_INFORMATION_FORMAT = dwarf;
				ENABLE_STRICT_OBJC_MSGSEND = YES;
				ENABLE_TESTABILITY = YES;
				ENABLE_USER_SCRIPT_SANDBOXING = YES;
				GCC_C_LANGUAGE_STANDARD = gnu17;
				GCC_DYNAMIC_NO_PIC = NO;
				GCC_NO_COMMON_BLOCKS = YES;
				GCC_OPTIMIZATION_LEVEL = 0;
				GCC_PREPROCESSOR_DEFINITIONS = (
					"DEBUG=1",
					"$(inherited)",
				);
				GCC_WARN_64_TO_32_BIT_CONVERSION = YES;
				GCC_WARN_ABOUT_RETURN_TYPE = YES_ERROR;
				GCC_WARN_UNDECLARED_SELECTOR = YES;
				GCC_WARN_UNINITIALIZED_AUTOS = YES_AGGRESSIVE;
				GCC_WARN_UNUSED_FUNCTION = YES;
				GCC_WARN_UNUSED_VARIABLE = YES;
				IPHONEOS_DEPLOYMENT_TARGET = 17.2;
				LOCALIZATION_PREFERS_STRING_CATALOGS = YES;
				MTL_ENABLE_DEBUG_INFO = INCLUDE_SOURCE;
				MTL_FAST_MATH = YES;
				ONLY_ACTIVE_ARCH = YES;
				SDKROOT = iphoneos;
				SWIFT_ACTIVE_COMPILATION_CONDITIONS = "DEBUG $(inherited)";
				SWIFT_OPTIMIZATION_LEVEL = "-Onone";
			};
			name = Debug;
		};
		12F4E3442B775F94004D6ECA /* Release */ = {
			isa = XCBuildConfiguration;
			buildSettings = {
				ALWAYS_SEARCH_USER_PATHS = NO;
				ASSETCATALOG_COMPILER_GENERATE_SWIFT_ASSET_SYMBOL_EXTENSIONS = YES;
				CLANG_ANALYZER_NONNULL = YES;
				CLANG_ANALYZER_NUMBER_OBJECT_CONVERSION = YES_AGGRESSIVE;
				CLANG_CXX_LANGUAGE_STANDARD = "gnu++20";
				CLANG_ENABLE_MODULES = YES;
				CLANG_ENABLE_OBJC_ARC = YES;
				CLANG_ENABLE_OBJC_WEAK = YES;
				CLANG_WARN_BLOCK_CAPTURE_AUTORELEASING = YES;
				CLANG_WARN_BOOL_CONVERSION = YES;
				CLANG_WARN_COMMA = YES;
				CLANG_WARN_CONSTANT_CONVERSION = YES;
				CLANG_WARN_DEPRECATED_OBJC_IMPLEMENTATIONS = YES;
				CLANG_WARN_DIRECT_OBJC_ISA_USAGE = YES_ERROR;
				CLANG_WARN_DOCUMENTATION_COMMENTS = YES;
				CLANG_WARN_EMPTY_BODY = YES;
				CLANG_WARN_ENUM_CONVERSION = YES;
				CLANG_WARN_INFINITE_RECURSION = YES;
				CLANG_WARN_INT_CONVERSION = YES;
				CLANG_WARN_NON_LITERAL_NULL_CONVERSION = YES;
				CLANG_WARN_OBJC_IMPLICIT_RETAIN_SELF = YES;
				CLANG_WARN_OBJC_LITERAL_CONVERSION = YES;
				CLANG_WARN_OBJC_ROOT_CLASS = YES_ERROR;
				CLANG_WARN_QUOTED_INCLUDE_IN_FRAMEWORK_HEADER = YES;
				CLANG_WARN_RANGE_LOOP_ANALYSIS = YES;
				CLANG_WARN_STRICT_PROTOTYPES = YES;
				CLANG_WARN_SUSPICIOUS_MOVE = YES;
				CLANG_WARN_UNGUARDED_AVAILABILITY = YES_AGGRESSIVE;
				CLANG_WARN_UNREACHABLE_CODE = YES;
				CLANG_WARN__DUPLICATE_METHOD_MATCH = YES;
				COPY_PHASE_STRIP = NO;
				DEBUG_INFORMATION_FORMAT = "dwarf-with-dsym";
				ENABLE_NS_ASSERTIONS = NO;
				ENABLE_STRICT_OBJC_MSGSEND = YES;
				ENABLE_USER_SCRIPT_SANDBOXING = YES;
				GCC_C_LANGUAGE_STANDARD = gnu17;
				GCC_NO_COMMON_BLOCKS = YES;
				GCC_WARN_64_TO_32_BIT_CONVERSION = YES;
				GCC_WARN_ABOUT_RETURN_TYPE = YES_ERROR;
				GCC_WARN_UNDECLARED_SELECTOR = YES;
				GCC_WARN_UNINITIALIZED_AUTOS = YES_AGGRESSIVE;
				GCC_WARN_UNUSED_FUNCTION = YES;
				GCC_WARN_UNUSED_VARIABLE = YES;
				IPHONEOS_DEPLOYMENT_TARGET = 17.2;
				LOCALIZATION_PREFERS_STRING_CATALOGS = YES;
				MTL_ENABLE_DEBUG_INFO = NO;
				MTL_FAST_MATH = YES;
				SDKROOT = iphoneos;
				SWIFT_COMPILATION_MODE = wholemodule;
				VALIDATE_PRODUCT = YES;
			};
			name = Release;
		};
		12F4E3462B775F94004D6ECA /* Debug */ = {
			isa = XCBuildConfiguration;
			buildSettings = {
				ASSETCATALOG_COMPILER_APPICON_NAME = AppIcon;
				ASSETCATALOG_COMPILER_GLOBAL_ACCENT_COLOR_NAME = AccentColor;
				CODE_SIGN_STYLE = Automatic;
				CURRENT_PROJECT_VERSION = 1;
				DEVELOPMENT_ASSET_PATHS = "\"PinterestClone/Preview Content\"";
				ENABLE_PREVIEWS = YES;
				GENERATE_INFOPLIST_FILE = YES;
				INFOPLIST_KEY_UIApplicationSceneManifest_Generation = YES;
				INFOPLIST_KEY_UIApplicationSupportsIndirectInputEvents = YES;
				INFOPLIST_KEY_UILaunchScreen_Generation = YES;
				INFOPLIST_KEY_UISupportedInterfaceOrientations_iPad = "UIInterfaceOrientationPortrait UIInterfaceOrientationPortraitUpsideDown UIInterfaceOrientationLandscapeLeft UIInterfaceOrientationLandscapeRight";
				INFOPLIST_KEY_UISupportedInterfaceOrientations_iPhone = "UIInterfaceOrientationPortrait UIInterfaceOrientationLandscapeLeft UIInterfaceOrientationLandscapeRight";
				LD_RUNPATH_SEARCH_PATHS = (
					"$(inherited)",
					"@executable_path/Frameworks",
				);
				MARKETING_VERSION = 1.0;
				PRODUCT_BUNDLE_IDENTIFIER = com.bandit.PinterestClone;
				PRODUCT_NAME = "$(TARGET_NAME)";
				SWIFT_EMIT_LOC_STRINGS = YES;
				SWIFT_VERSION = 5.0;
				TARGETED_DEVICE_FAMILY = "1,2";
			};
			name = Debug;
		};
		12F4E3472B775F94004D6ECA /* Release */ = {
			isa = XCBuildConfiguration;
			buildSettings = {
				ASSETCATALOG_COMPILER_APPICON_NAME = AppIcon;
				ASSETCATALOG_COMPILER_GLOBAL_ACCENT_COLOR_NAME = AccentColor;
				CODE_SIGN_STYLE = Automatic;
				CURRENT_PROJECT_VERSION = 1;
				DEVELOPMENT_ASSET_PATHS = "\"PinterestClone/Preview Content\"";
				ENABLE_PREVIEWS = YES;
				GENERATE_INFOPLIST_FILE = YES;
				INFOPLIST_KEY_UIApplicationSceneManifest_Generation = YES;
				INFOPLIST_KEY_UIApplicationSupportsIndirectInputEvents = YES;
				INFOPLIST_KEY_UILaunchScreen_Generation = YES;
				INFOPLIST_KEY_UISupportedInterfaceOrientations_iPad = "UIInterfaceOrientationPortrait UIInterfaceOrientationPortraitUpsideDown UIInterfaceOrientationLandscapeLeft UIInterfaceOrientationLandscapeRight";
				INFOPLIST_KEY_UISupportedInterfaceOrientations_iPhone = "UIInterfaceOrientationPortrait UIInterfaceOrientationLandscapeLeft UIInterfaceOrientationLandscapeRight";
				LD_RUNPATH_SEARCH_PATHS = (
					"$(inherited)",
					"@executable_path/Frameworks",
				);
				MARKETING_VERSION = 1.0;
				PRODUCT_BUNDLE_IDENTIFIER = com.bandit.PinterestClone;
				PRODUCT_NAME = "$(TARGET_NAME)";
				SWIFT_EMIT_LOC_STRINGS = YES;
				SWIFT_VERSION = 5.0;
				TARGETED_DEVICE_FAMILY = "1,2";
			};
			name = Release;
		};
/* End XCBuildConfiguration section */

/* Begin XCConfigurationList section */
		12F4E3322B775F93004D6ECA /* Build configuration list for PBXProject "PinterestClone" */ = {
			isa = XCConfigurationList;
			buildConfigurations = (
				12F4E3432B775F94004D6ECA /* Debug */,
				12F4E3442B775F94004D6ECA /* Release */,
			);
			defaultConfigurationIsVisible = 0;
			defaultConfigurationName = Release;
		};
		12F4E3452B775F94004D6ECA /* Build configuration list for PBXNativeTarget "PinterestClone" */ = {
			isa = XCConfigurationList;
			buildConfigurations = (
				12F4E3462B775F94004D6ECA /* Debug */,
				12F4E3472B775F94004D6ECA /* Release */,
			);
			defaultConfigurationIsVisible = 0;
			defaultConfigurationName = Release;
		};
/* End XCConfigurationList section */

/* Begin XCRemoteSwiftPackageReference section */
		12F4E3482B775FC9004D6ECA /* XCRemoteSwiftPackageReference "PagerTabStripView" */ = {
			isa = XCRemoteSwiftPackageReference;
			repositoryURL = "https://github.com/xmartlabs/PagerTabStripView";
			requirement = {
				kind = upToNextMajorVersion;
				minimumVersion = 4.0.0;
			};
		};
		12F4E3522B777087004D6ECA /* XCRemoteSwiftPackageReference "MasonryStack" */ = {
			isa = XCRemoteSwiftPackageReference;
			repositoryURL = "https://github.com/lukepistrol/MasonryStack";
			requirement = {
				kind = upToNextMajorVersion;
				minimumVersion = 0.1.0;
			};
		};
/* End XCRemoteSwiftPackageReference section */

/* Begin XCSwiftPackageProductDependency section */
		12F4E3492B775FC9004D6ECA /* PagerTabStripView */ = {
			isa = XCSwiftPackageProductDependency;
			package = 12F4E3482B775FC9004D6ECA /* XCRemoteSwiftPackageReference "PagerTabStripView" */;
			productName = PagerTabStripView;
		};
		12F4E3532B777087004D6ECA /* MasonryStack */ = {
			isa = XCSwiftPackageProductDependency;
			package = 12F4E3522B777087004D6ECA /* XCRemoteSwiftPackageReference "MasonryStack" */;
			productName = MasonryStack;
		};
/* End XCSwiftPackageProductDependency section */
	};
	rootObject = 12F4E32F2B775F93004D6ECA /* Project object */;
}
